// !$*UTF8*$!
{
	archiveVersion = 1;
	classes = {
	};
	objectVersion = 46;
	objects = {

/* Begin PBXBuildFile section */
		205BED1F1E53059F009F1F6A /* main.m in Sources */ = {isa = PBXBuildFile; fileRef = 205BED1E1E53059F009F1F6A /* main.m */; };
		205BED221E53059F009F1F6A /* AppDelegate.m in Sources */ = {isa = PBXBuildFile; fileRef = 205BED211E53059F009F1F6A /* AppDelegate.m */; };
		205BED251E53059F009F1F6A /* ViewController.m in Sources */ = {isa = PBXBuildFile; fileRef = 205BED241E53059F009F1F6A /* ViewController.m */; };
		205BED281E53059F009F1F6A /* Main.storyboard in Resources */ = {isa = PBXBuildFile; fileRef = 205BED261E53059F009F1F6A /* Main.storyboard */; };
		205BED2A1E53059F009F1F6A /* Assets.xcassets in Resources */ = {isa = PBXBuildFile; fileRef = 205BED291E53059F009F1F6A /* Assets.xcassets */; };
		205BED2D1E53059F009F1F6A /* LaunchScreen.storyboard in Resources */ = {isa = PBXBuildFile; fileRef = 205BED2B1E53059F009F1F6A /* LaunchScreen.storyboard */; };
		205BED381E53059F009F1F6A /* SynchronizationRequestTests.m in Sources */ = {isa = PBXBuildFile; fileRef = 205BED371E53059F009F1F6A /* SynchronizationRequestTests.m */; };
		205BED431E53059F009F1F6A /* SynchronizationRequestUITests.m in Sources */ = {isa = PBXBuildFile; fileRef = 205BED421E53059F009F1F6A /* SynchronizationRequestUITests.m */; };
/* End PBXBuildFile section */

/* Begin PBXContainerItemProxy section */
		205BED341E53059F009F1F6A /* PBXContainerItemProxy */ = {
			isa = PBXContainerItemProxy;
			containerPortal = 205BED121E53059E009F1F6A /* Project object */;
			proxyType = 1;
			remoteGlobalIDString = 205BED191E53059F009F1F6A;
			remoteInfo = SynchronizationRequest;
		};
		205BED3F1E53059F009F1F6A /* PBXContainerItemProxy */ = {
			isa = PBXContainerItemProxy;
			containerPortal = 205BED121E53059E009F1F6A /* Project object */;
			proxyType = 1;
			remoteGlobalIDString = 205BED191E53059F009F1F6A;
			remoteInfo = SynchronizationRequest;
		};
/* End PBXContainerItemProxy section */

/* Begin PBXFileReference section */
		205BED1A1E53059F009F1F6A /* SynchronizationRequest.app */ = {isa = PBXFileReference; explicitFileType = wrapper.application; includeInIndex = 0; path = SynchronizationRequest.app; sourceTree = BUILT_PRODUCTS_DIR; };
		205BED1E1E53059F009F1F6A /* main.m */ = {isa = PBXFileReference; lastKnownFileType = sourcecode.c.objc; path = main.m; sourceTree = "<group>"; };
		205BED201E53059F009F1F6A /* AppDelegate.h */ = {isa = PBXFileReference; lastKnownFileType = sourcecode.c.h; path = AppDelegate.h; sourceTree = "<group>"; };
		205BED211E53059F009F1F6A /* AppDelegate.m */ = {isa = PBXFileReference; lastKnownFileType = sourcecode.c.objc; path = AppDelegate.m; sourceTree = "<group>"; };
		205BED231E53059F009F1F6A /* ViewController.h */ = {isa = PBXFileReference; lastKnownFileType = sourcecode.c.h; path = ViewController.h; sourceTree = "<group>"; };
		205BED241E53059F009F1F6A /* ViewController.m */ = {isa = PBXFileReference; lastKnownFileType = sourcecode.c.objc; path = ViewController.m; sourceTree = "<group>"; };
		205BED271E53059F009F1F6A /* Base */ = {isa = PBXFileReference; lastKnownFileType = file.storyboard; name = Base; path = Base.lproj/Main.storyboard; sourceTree = "<group>"; };
		205BED291E53059F009F1F6A /* Assets.xcassets */ = {isa = PBXFileReference; lastKnownFileType = folder.assetcatalog; path = Assets.xcassets; sourceTree = "<group>"; };
		205BED2C1E53059F009F1F6A /* Base */ = {isa = PBXFileReference; lastKnownFileType = file.storyboard; name = Base; path = Base.lproj/LaunchScreen.storyboard; sourceTree = "<group>"; };
		205BED2E1E53059F009F1F6A /* Info.plist */ = {isa = PBXFileReference; lastKnownFileType = text.plist.xml; path = Info.plist; sourceTree = "<group>"; };
		205BED331E53059F009F1F6A /* SynchronizationRequestTests.xctest */ = {isa = PBXFileReference; explicitFileType = wrapper.cfbundle; includeInIndex = 0; path = SynchronizationRequestTests.xctest; sourceTree = BUILT_PRODUCTS_DIR; };
		205BED371E53059F009F1F6A /* SynchronizationRequestTests.m */ = {isa = PBXFileReference; lastKnownFileType = sourcecode.c.objc; path = SynchronizationRequestTests.m; sourceTree = "<group>"; };
		205BED391E53059F009F1F6A /* Info.plist */ = {isa = PBXFileReference; lastKnownFileType = text.plist.xml; path = Info.plist; sourceTree = "<group>"; };
		205BED3E1E53059F009F1F6A /* SynchronizationRequestUITests.xctest */ = {isa = PBXFileReference; explicitFileType = wrapper.cfbundle; includeInIndex = 0; path = SynchronizationRequestUITests.xctest; sourceTree = BUILT_PRODUCTS_DIR; };
		205BED421E53059F009F1F6A /* SynchronizationRequestUITests.m */ = {isa = PBXFileReference; lastKnownFileType = sourcecode.c.objc; path = SynchronizationRequestUITests.m; sourceTree = "<group>"; };
		205BED441E53059F009F1F6A /* Info.plist */ = {isa = PBXFileReference; lastKnownFileType = text.plist.xml; path = Info.plist; sourceTree = "<group>"; };
/* End PBXFileReference section */

/* Begin PBXFrameworksBuildPhase section */
		205BED171E53059F009F1F6A /* Frameworks */ = {
			isa = PBXFrameworksBuildPhase;
			buildActionMask = 2147483647;
			files = (
			);
			runOnlyForDeploymentPostprocessing = 0;
		};
		205BED301E53059F009F1F6A /* Frameworks */ = {
			isa = PBXFrameworksBuildPhase;
			buildActionMask = 2147483647;
			files = (
			);
			runOnlyForDeploymentPostprocessing = 0;
		};
		205BED3B1E53059F009F1F6A /* Frameworks */ = {
			isa = PBXFrameworksBuildPhase;
			buildActionMask = 2147483647;
			files = (
			);
			runOnlyForDeploymentPostprocessing = 0;
		};
/* End PBXFrameworksBuildPhase section */

/* Begin PBXGroup section */
		205BED111E53059E009F1F6A = {
			isa = PBXGroup;
			children = (
				205BED1C1E53059F009F1F6A /* SynchronizationRequest */,
				205BED361E53059F009F1F6A /* SynchronizationRequestTests */,
				205BED411E53059F009F1F6A /* SynchronizationRequestUITests */,
				205BED1B1E53059F009F1F6A /* Products */,
			);
			sourceTree = "<group>";
		};
		205BED1B1E53059F009F1F6A /* Products */ = {
			isa = PBXGroup;
			children = (
				205BED1A1E53059F009F1F6A /* SynchronizationRequest.app */,
				205BED331E53059F009F1F6A /* SynchronizationRequestTests.xctest */,
				205BED3E1E53059F009F1F6A /* SynchronizationRequestUITests.xctest */,
			);
			name = Products;
			sourceTree = "<group>";
		};
		205BED1C1E53059F009F1F6A /* SynchronizationRequest */ = {
			isa = PBXGroup;
			children = (
				205BED201E53059F009F1F6A /* AppDelegate.h */,
				205BED211E53059F009F1F6A /* AppDelegate.m */,
				205BED231E53059F009F1F6A /* ViewController.h */,
				205BED241E53059F009F1F6A /* ViewController.m */,
				205BED261E53059F009F1F6A /* Main.storyboard */,
				205BED291E53059F009F1F6A /* Assets.xcassets */,
				205BED2B1E53059F009F1F6A /* LaunchScreen.storyboard */,
				205BED2E1E53059F009F1F6A /* Info.plist */,
				205BED1D1E53059F009F1F6A /* Supporting Files */,
			);
			path = SynchronizationRequest;
			sourceTree = "<group>";
		};
		205BED1D1E53059F009F1F6A /* Supporting Files */ = {
			isa = PBXGroup;
			children = (
				205BED1E1E53059F009F1F6A /* main.m */,
			);
			name = "Supporting Files";
			sourceTree = "<group>";
		};
		205BED361E53059F009F1F6A /* SynchronizationRequestTests */ = {
			isa = PBXGroup;
			children = (
				205BED371E53059F009F1F6A /* SynchronizationRequestTests.m */,
				205BED391E53059F009F1F6A /* Info.plist */,
			);
			path = SynchronizationRequestTests;
			sourceTree = "<group>";
		};
		205BED411E53059F009F1F6A /* SynchronizationRequestUITests */ = {
			isa = PBXGroup;
			children = (
				205BED421E53059F009F1F6A /* SynchronizationRequestUITests.m */,
				205BED441E53059F009F1F6A /* Info.plist */,
			);
			path = SynchronizationRequestUITests;
			sourceTree = "<group>";
		};
/* End PBXGroup section */

/* Begin PBXNativeTarget section */
		205BED191E53059F009F1F6A /* SynchronizationRequest */ = {
			isa = PBXNativeTarget;
			buildConfigurationList = 205BED471E53059F009F1F6A /* Build configuration list for PBXNativeTarget "SynchronizationRequest" */;
			buildPhases = (
				205BED161E53059F009F1F6A /* Sources */,
				205BED171E53059F009F1F6A /* Frameworks */,
				205BED181E53059F009F1F6A /* Resources */,
			);
			buildRules = (
			);
			dependencies = (
			);
			name = SynchronizationRequest;
			productName = SynchronizationRequest;
			productReference = 205BED1A1E53059F009F1F6A /* SynchronizationRequest.app */;
			productType = "com.apple.product-type.application";
		};
		205BED321E53059F009F1F6A /* SynchronizationRequestTests */ = {
			isa = PBXNativeTarget;
			buildConfigurationList = 205BED4A1E53059F009F1F6A /* Build configuration list for PBXNativeTarget "SynchronizationRequestTests" */;
			buildPhases = (
				205BED2F1E53059F009F1F6A /* Sources */,
				205BED301E53059F009F1F6A /* Frameworks */,
				205BED311E53059F009F1F6A /* Resources */,
			);
			buildRules = (
			);
			dependencies = (
				205BED351E53059F009F1F6A /* PBXTargetDependency */,
			);
			name = SynchronizationRequestTests;
			productName = SynchronizationRequestTests;
			productReference = 205BED331E53059F009F1F6A /* SynchronizationRequestTests.xctest */;
			productType = "com.apple.product-type.bundle.unit-test";
		};
		205BED3D1E53059F009F1F6A /* SynchronizationRequestUITests */ = {
			isa = PBXNativeTarget;
			buildConfigurationList = 205BED4D1E53059F009F1F6A /* Build configuration list for PBXNativeTarget "SynchronizationRequestUITests" */;
			buildPhases = (
				205BED3A1E53059F009F1F6A /* Sources */,
				205BED3B1E53059F009F1F6A /* Frameworks */,
				205BED3C1E53059F009F1F6A /* Resources */,
			);
			buildRules = (
			);
			dependencies = (
				205BED401E53059F009F1F6A /* PBXTargetDependency */,
			);
			name = SynchronizationRequestUITests;
			productName = SynchronizationRequestUITests;
			productReference = 205BED3E1E53059F009F1F6A /* SynchronizationRequestUITests.xctest */;
			productType = "com.apple.product-type.bundle.ui-testing";
		};
/* End PBXNativeTarget section */

/* Begin PBXProject section */
		205BED121E53059E009F1F6A /* Project object */ = {
			isa = PBXProject;
			attributes = {
				LastUpgradeCheck = 0820;
				ORGANIZATIONNAME = LieLvWang;
				TargetAttributes = {
					205BED191E53059F009F1F6A = {
						CreatedOnToolsVersion = 8.2.1;
						DevelopmentTeam = V29PA8GQU3;
						ProvisioningStyle = Automatic;
					};
					205BED321E53059F009F1F6A = {
						CreatedOnToolsVersion = 8.2.1;
						DevelopmentTeam = V29PA8GQU3;
						ProvisioningStyle = Automatic;
						TestTargetID = 205BED191E53059F009F1F6A;
					};
					205BED3D1E53059F009F1F6A = {
						CreatedOnToolsVersion = 8.2.1;
						DevelopmentTeam = V29PA8GQU3;
						ProvisioningStyle = Automatic;
						TestTargetID = 205BED191E53059F009F1F6A;
					};
				};
			};
			buildConfigurationList = 205BED151E53059E009F1F6A /* Build configuration list for PBXProject "SynchronizationRequest" */;
			compatibilityVersion = "Xcode 3.2";
			developmentRegion = English;
			hasScannedForEncodings = 0;
			knownRegions = (
				en,
				Base,
			);
			mainGroup = 205BED111E53059E009F1F6A;
			productRefGroup = 205BED1B1E53059F009F1F6A /* Products */;
			projectDirPath = "";
			projectRoot = "";
			targets = (
				205BED191E53059F009F1F6A /* SynchronizationRequest */,
				205BED321E53059F009F1F6A /* SynchronizationRequestTests */,
				205BED3D1E53059F009F1F6A /* SynchronizationRequestUITests */,
			);
		};
/* End PBXProject section */

/* Begin PBXResourcesBuildPhase section */
		205BED181E53059F009F1F6A /* Resources */ = {
			isa = PBXResourcesBuildPhase;
			buildActionMask = 2147483647;
			files = (
				205BED2D1E53059F009F1F6A /* LaunchScreen.storyboard in Resources */,
				205BED2A1E53059F009F1F6A /* Assets.xcassets in Resources */,
				205BED281E53059F009F1F6A /* Main.storyboard in Resources */,
			);
			runOnlyForDeploymentPostprocessing = 0;
		};
		205BED311E53059F009F1F6A /* Resources */ = {
			isa = PBXResourcesBuildPhase;
			buildActionMask = 2147483647;
			files = (
			);
			runOnlyForDeploymentPostprocessing = 0;
		};
		205BED3C1E53059F009F1F6A /* Resources */ = {
			isa = PBXResourcesBuildPhase;
			buildActionMask = 2147483647;
			files = (
			);
			runOnlyForDeploymentPostprocessing = 0;
		};
/* End PBXResourcesBuildPhase section */

/* Begin PBXSourcesBuildPhase section */
		205BED161E53059F009F1F6A /* Sources */ = {
			isa = PBXSourcesBuildPhase;
			buildActionMask = 2147483647;
			files = (
				205BED251E53059F009F1F6A /* ViewController.m in Sources */,
				205BED221E53059F009F1F6A /* AppDelegate.m in Sources */,
				205BED1F1E53059F009F1F6A /* main.m in Sources */,
			);
			runOnlyForDeploymentPostprocessing = 0;
		};
		205BED2F1E53059F009F1F6A /* Sources */ = {
			isa = PBXSourcesBuildPhase;
			buildActionMask = 2147483647;
			files = (
				205BED381E53059F009F1F6A /* SynchronizationRequestTests.m in Sources */,
			);
			runOnlyForDeploymentPostprocessing = 0;
		};
		205BED3A1E53059F009F1F6A /* Sources */ = {
			isa = PBXSourcesBuildPhase;
			buildActionMask = 2147483647;
			files = (
				205BED431E53059F009F1F6A /* SynchronizationRequestUITests.m in Sources */,
			);
			runOnlyForDeploymentPostprocessing = 0;
		};
/* End PBXSourcesBuildPhase section */

/* Begin PBXTargetDependency section */
		205BED351E53059F009F1F6A /* PBXTargetDependency */ = {
			isa = PBXTargetDependency;
			target = 205BED191E53059F009F1F6A /* SynchronizationRequest */;
			targetProxy = 205BED341E53059F009F1F6A /* PBXContainerItemProxy */;
		};
		205BED401E53059F009F1F6A /* PBXTargetDependency */ = {
			isa = PBXTargetDependency;
			target = 205BED191E53059F009F1F6A /* SynchronizationRequest */;
			targetProxy = 205BED3F1E53059F009F1F6A /* PBXContainerItemProxy */;
		};
/* End PBXTargetDependency section */

/* Begin PBXVariantGroup section */
		205BED261E53059F009F1F6A /* Main.storyboard */ = {
			isa = PBXVariantGroup;
			children = (
				205BED271E53059F009F1F6A /* Base */,
			);
			name = Main.storyboard;
			sourceTree = "<group>";
		};
		205BED2B1E53059F009F1F6A /* LaunchScreen.storyboard */ = {
			isa = PBXVariantGroup;
			children = (
				205BED2C1E53059F009F1F6A /* Base */,
			);
			name = LaunchScreen.storyboard;
			sourceTree = "<group>";
		};
/* End PBXVariantGroup section */

/* Begin XCBuildConfiguration section */
		205BED451E53059F009F1F6A /* Debug */ = {
			isa = XCBuildConfiguration;
			buildSettings = {
				ALWAYS_SEARCH_USER_PATHS = NO;
				CLANG_ANALYZER_NONNULL = YES;
				CLANG_CXX_LANGUAGE_STANDARD = "gnu++0x";
				CLANG_CXX_LIBRARY = "libc++";
				CLANG_ENABLE_MODULES = YES;
				CLANG_ENABLE_OBJC_ARC = YES;
				CLANG_WARN_BOOL_CONVERSION = YES;
				CLANG_WARN_CONSTANT_CONVERSION = YES;
				CLANG_WARN_DIRECT_OBJC_ISA_USAGE = YES_ERROR;
				CLANG_WARN_DOCUMENTATION_COMMENTS = YES;
				CLANG_WARN_EMPTY_BODY = YES;
				CLANG_WARN_ENUM_CONVERSION = YES;
				CLANG_WARN_INFINITE_RECURSION = YES;
				CLANG_WARN_INT_CONVERSION = YES;
				CLANG_WARN_OBJC_ROOT_CLASS = YES_ERROR;
				CLANG_WARN_SUSPICIOUS_MOVE = YES;
				CLANG_WARN_UNREACHABLE_CODE = YES;
				CLANG_WARN__DUPLICATE_METHOD_MATCH = YES;
				"CODE_SIGN_IDENTITY[sdk=iphoneos*]" = "iPhone Developer";
				COPY_PHASE_STRIP = NO;
				DEBUG_INFORMATION_FORMAT = dwarf;
				ENABLE_STRICT_OBJC_MSGSEND = YES;
				ENABLE_TESTABILITY = YES;
				GCC_C_LANGUAGE_STANDARD = gnu99;
				GCC_DYNAMIC_NO_PIC = NO;
				GCC_NO_COMMON_BLOCKS = YES;
				GCC_OPTIMIZATION_LEVEL = 0;
				GCC_PREPROCESSOR_DEFINITIONS = (
					"DEBUG=1",
					"$(inherited)",
				);
				GCC_WARN_64_TO_32_BIT_CONVERSION = YES;
				GCC_WARN_ABOUT_RETURN_TYPE = YES_ERROR;
				GCC_WARN_UNDECLARED_SELECTOR = YES;
				GCC_WARN_UNINITIALIZED_AUTOS = YES_AGGRESSIVE;
				GCC_WARN_UNUSED_FUNCTION = YES;
				GCC_WARN_UNUSED_VARIABLE = YES;
				IPHONEOS_DEPLOYMENT_TARGET = 10.2;
				MTL_ENABLE_DEBUG_INFO = YES;
				ONLY_ACTIVE_ARCH = YES;
				SDKROOT = iphoneos;
			};
			name = Debug;
		};
		205BED461E53059F009F1F6A /* Release */ = {
			isa = XCBuildConfiguration;
			buildSettings = {
				ALWAYS_SEARCH_USER_PATHS = NO;
				CLANG_ANALYZER_NONNULL = YES;
				CLANG_CXX_LANGUAGE_STANDARD = "gnu++0x";
				CLANG_CXX_LIBRARY = "libc++";
				CLANG_ENABLE_MODULES = YES;
				CLANG_ENABLE_OBJC_ARC = YES;
				CLANG_WARN_BOOL_CONVERSION = YES;
				CLANG_WARN_CONSTANT_CONVERSION = YES;
				CLANG_WARN_DIRECT_OBJC_ISA_USAGE = YES_ERROR;
				CLANG_WARN_DOCUMENTATION_COMMENTS = YES;
				CLANG_WARN_EMPTY_BODY = YES;
				CLANG_WARN_ENUM_CONVERSION = YES;
				CLANG_WARN_INFINITE_RECURSION = YES;
				CLANG_WARN_INT_CONVERSION = YES;
				CLANG_WARN_OBJC_ROOT_CLASS = YES_ERROR;
				CLANG_WARN_SUSPICIOUS_MOVE = YES;
				CLANG_WARN_UNREACHABLE_CODE = YES;
				CLANG_WARN__DUPLICATE_METHOD_MATCH = YES;
				"CODE_SIGN_IDENTITY[sdk=iphoneos*]" = "iPhone Developer";
				COPY_PHASE_STRIP = NO;
				DEBUG_INFORMATION_FORMAT = "dwarf-with-dsym";
				ENABLE_NS_ASSERTIONS = NO;
				ENABLE_STRICT_OBJC_MSGSEND = YES;
				GCC_C_LANGUAGE_STANDARD = gnu99;
				GCC_NO_COMMON_BLOCKS = YES;
				GCC_WARN_64_TO_32_BIT_CONVERSION = YES;
				GCC_WARN_ABOUT_RETURN_TYPE = YES_ERROR;
				GCC_WARN_UNDECLARED_SELECTOR = YES;
				GCC_WARN_UNINITIALIZED_AUTOS = YES_AGGRESSIVE;
				GCC_WARN_UNUSED_FUNCTION = YES;
				GCC_WARN_UNUSED_VARIABLE = YES;
				IPHONEOS_DEPLOYMENT_TARGET = 10.2;
				MTL_ENABLE_DEBUG_INFO = NO;
				SDKROOT = iphoneos;
				VALIDATE_PRODUCT = YES;
			};
			name = Release;
		};
		205BED481E53059F009F1F6A /* Debug */ = {
			isa = XCBuildConfiguration;
			buildSettings = {
				ASSETCATALOG_COMPILER_APPICON_NAME = AppIcon;
				DEVELOPMENT_TEAM = V29PA8GQU3;
				INFOPLIST_FILE = SynchronizationRequest/Info.plist;
				IPHONEOS_DEPLOYMENT_TARGET = 9.0;
				LD_RUNPATH_SEARCH_PATHS = "$(inherited) @executable_path/Frameworks";
				PRODUCT_BUNDLE_IDENTIFIER = lielvwang1112ef.SynchronizationRequest;
				PRODUCT_NAME = "$(TARGET_NAME)";
			};
			name = Debug;
		};
		205BED491E53059F009F1F6A /* Release */ = {
			isa = XCBuildConfiguration;
			buildSettings = {
				ASSETCATALOG_COMPILER_APPICON_NAME = AppIcon;
				DEVELOPMENT_TEAM = V29PA8GQU3;
				INFOPLIST_FILE = SynchronizationRequest/Info.plist;
				IPHONEOS_DEPLOYMENT_TARGET = 9.0;
				LD_RUNPATH_SEARCH_PATHS = "$(inherited) @executable_path/Frameworks";
				PRODUCT_BUNDLE_IDENTIFIER = lielvwang1112ef.SynchronizationRequest;
				PRODUCT_NAME = "$(TARGET_NAME)";
			};
			name = Release;
		};
		205BED4B1E53059F009F1F6A /* Debug */ = {
			isa = XCBuildConfiguration;
			buildSettings = {
				BUNDLE_LOADER = "$(TEST_HOST)";
				DEVELOPMENT_TEAM = V29PA8GQU3;
				INFOPLIST_FILE = SynchronizationRequestTests/Info.plist;
				LD_RUNPATH_SEARCH_PATHS = "$(inherited) @executable_path/Frameworks @loader_path/Frameworks";
				PRODUCT_BUNDLE_IDENTIFIER = lielvwang1112ef.SynchronizationRequestTests;
				PRODUCT_NAME = "$(TARGET_NAME)";
				TEST_HOST = "$(BUILT_PRODUCTS_DIR)/SynchronizationRequest.app/SynchronizationRequest";
			};
			name = Debug;
		};
		205BED4C1E53059F009F1F6A /* Release */ = {
			isa = XCBuildConfiguration;
			buildSettings = {
				BUNDLE_LOADER = "$(TEST_HOST)";
				DEVELOPMENT_TEAM = V29PA8GQU3;
				INFOPLIST_FILE = SynchronizationRequestTests/Info.plist;
				LD_RUNPATH_SEARCH_PATHS = "$(inherited) @executable_path/Frameworks @loader_path/Frameworks";
				PRODUCT_BUNDLE_IDENTIFIER = lielvwang1112ef.SynchronizationRequestTests;
				PRODUCT_NAME = "$(TARGET_NAME)";
				TEST_HOST = "$(BUILT_PRODUCTS_DIR)/SynchronizationRequest.app/SynchronizationRequest";
			};
			name = Release;
		};
		205BED4E1E53059F009F1F6A /* Debug */ = {
			isa = XCBuildConfiguration;
			buildSettings = {
				DEVELOPMENT_TEAM = V29PA8GQU3;
				INFOPLIST_FILE = SynchronizationRequestUITests/Info.plist;
				LD_RUNPATH_SEARCH_PATHS = "$(inherited) @executable_path/Frameworks @loader_path/Frameworks";
				PRODUCT_BUNDLE_IDENTIFIER = lielvwang1112ef.SynchronizationRequestUITests;
				PRODUCT_NAME = "$(TARGET_NAME)";
				TEST_TARGET_NAME = SynchronizationRequest;
			};
			name = Debug;
		};
		205BED4F1E53059F009F1F6A /* Release */ = {
			isa = XCBuildConfiguration;
			buildSettings = {
				DEVELOPMENT_TEAM = V29PA8GQU3;
				INFOPLIST_FILE = SynchronizationRequestUITests/Info.plist;
				LD_RUNPATH_SEARCH_PATHS = "$(inherited) @executable_path/Frameworks @loader_path/Frameworks";
				PRODUCT_BUNDLE_IDENTIFIER = lielvwang1112ef.SynchronizationRequestUITests;
				PRODUCT_NAME = "$(TARGET_NAME)";
				TEST_TARGET_NAME = SynchronizationRequest;
			};
			name = Release;
		};
/* End XCBuildConfiguration section */

/* Begin XCConfigurationList section */
		205BED151E53059E009F1F6A /* Build configuration list for PBXProject "SynchronizationRequest" */ = {
			isa = XCConfigurationList;
			buildConfigurations = (
				205BED451E53059F009F1F6A /* Debug */,
				205BED461E53059F009F1F6A /* Release */,
			);
			defaultConfigurationIsVisible = 0;
			defaultConfigurationName = Release;
		};
		205BED471E53059F009F1F6A /* Build configuration list for PBXNativeTarget "SynchronizationRequest" */ = {
			isa = XCConfigurationList;
			buildConfigurations = (
				205BED481E53059F009F1F6A /* Debug */,
				205BED491E53059F009F1F6A /* Release */,
			);
			defaultConfigurationIsVisible = 0;
		};
		205BED4A1E53059F009F1F6A /* Build configuration list for PBXNativeTarget "SynchronizationRequestTests" */ = {
			isa = XCConfigurationList;
			buildConfigurations = (
				205BED4B1E53059F009F1F6A /* Debug */,
				205BED4C1E53059F009F1F6A /* Release */,
			);
			defaultConfigurationIsVisible = 0;
		};
		205BED4D1E53059F009F1F6A /* Build configuration list for PBXNativeTarget "SynchronizationRequestUITests" */ = {
			isa = XCConfigurationList;
			buildConfigurations = (
				205BED4E1E53059F009F1F6A /* Debug */,
				205BED4F1E53059F009F1F6A /* Release */,
			);
			defaultConfigurationIsVisible = 0;
		};
/* End XCConfigurationList section */
	};
	rootObject = 205BED121E53059E009F1F6A /* Project object */;
}
